
Microsoft Visual Studio Solution File, Format Version 12.00
# Visual Studio 15
VisualStudioVersion = 15.0.28307.779
MinimumVisualStudioVersion = 10.0.40219.1
Project("{FAE04EC0-301F-11D3-BF4B-00C04F79EFBC}") = "Calculator", "Calculator\Calculator.csproj", "{A033C4D2-CBF9-464D-AF64-51DC35765404}"
EndProject
Project("{FAE04EC0-301F-11D3-BF4B-00C04F79EFBC}") = "MyControls", "MyControls\MyControls.csproj", "{8AD7F936-BA3D-40E7-8B64-10B099AB9264}"
EndProject
Global
	GlobalSection(SolutionConfigurationPlatforms) = preSolution
		Debug|Any CPU = Debug|Any CPU
		Release|Any CPU = Release|Any CPU
	EndGlobalSection
	GlobalSection(ProjectConfigurationPlatforms) = postSolution
		{A033C4D2-CBF9-464D-AF64-51DC35765404}.Debug|Any CPU.ActiveCfg = Debug|Any CPU
		{A033C4D2-CBF9-464D-AF64-51DC35765404}.Debug|Any CPU.Build.0 = Debug|Any CPU
		{A033C4D2-CBF9-464D-AF64-51DC35765404}.Release|Any CPU.ActiveCfg = Release|Any CPU
		{A033C4D2-CBF9-464D-AF64-51DC35765404}.Release|Any CPU.Build.0 = Release|Any CPU
		{8AD7F936-BA3D-40E7-8B64-10B099AB9264}.Debug|Any CPU.ActiveCfg = Debug|Any CPU
		{8AD7F936-BA3D-40E7-8B64-10B099AB9264}.Debug|Any CPU.Build.0 = Debug|Any CPU
		{8AD7F936-BA3D-40E7-8B64-10B099AB9264}.Release|Any CPU.ActiveCfg = Release|Any CPU
		{8AD7F936-BA3D-40E7-8B64-10B099AB9264}.Release|Any CPU.Build.0 = Release|Any CPU
	EndGlobalSection
	GlobalSection(SolutionProperties) = preSolution
		HideSolutionNode = FALSE
	EndGlobalSection
	GlobalSection(ExtensibilityGlobals) = postSolution
		SolutionGuid = {84537C48-C150-4C86-824B-F575EFB6D76A}
	EndGlobalSection
EndGlobal
